{
  "pins" : [
    {
      "identity" : "charts",
      "kind" : "remoteSourceControl",
      "location" : "https://github.com/danielgindi/Charts",
      "state" : {
        "revision" : "0a229f8c914b0ec93798cee058cf75b339297513",
        "version" : "5.0.0"
      }
    },
    {
      "identity" : "lottie-ios",
      "kind" : "remoteSourceControl",
      "location" : "https://github.com/airbnb/lottie-ios",
      "state" : {
        "revision" : "3f1202f254ad5d71f6c5b518ed2d6b9e2abe6969",
        "version" : "4.3.4"
      }
    }
  ],
  "version" : 2
}
