// !$*UTF8*$!
{
	archiveVersion = 1;
	classes = {
	};
	objectVersion = 56;
	objects = {

/* Begin PBXBuildFile section */
		7C02D6E62ACE958E000917BD /* FutPlannerApp.swift in Sources */ = {isa = PBXBuildFile; fileRef = 7C02D6E52ACE958E000917BD /* FutPlannerApp.swift */; };
		7C02D6E82ACE958E000917BD /* ContentView.swift in Sources */ = {isa = PBXBuildFile; fileRef = 7C02D6E72ACE958E000917BD /* ContentView.swift */; };
		7C02D6EA2ACE958E000917BD /* Item.swift in Sources */ = {isa = PBXBuildFile; fileRef = 7C02D6E92ACE958E000917BD /* Item.swift */; };
		7C02D6EC2ACE958F000917BD /* Assets.xcassets in Resources */ = {isa = PBXBuildFile; fileRef = 7C02D6EB2ACE958F000917BD /* Assets.xcassets */; };
		7C02D6EF2ACE958F000917BD /* Preview Assets.xcassets in Resources */ = {isa = PBXBuildFile; fileRef = 7C02D6EE2ACE958F000917BD /* Preview Assets.xcassets */; };
		7C05475B2B516E55000BC7D2 /* HomeTab.swift in Sources */ = {isa = PBXBuildFile; fileRef = 7C05475A2B516E55000BC7D2 /* HomeTab.swift */; };
		7C06C3392B6A50B900FDF0DC /* DGCharts in Frameworks */ = {isa = PBXBuildFile; productRef = 7C06C3382B6A50B900FDF0DC /* DGCharts */; };
		7C0F53A62B5FE0E100C71AC1 /* PlayerListItem.swift in Sources */ = {isa = PBXBuildFile; fileRef = 7C0F53A52B5FE0E100C71AC1 /* PlayerListItem.swift */; };
		7C0F53A82B5FEF5C00C71AC1 /* StatsActivity.swift in Sources */ = {isa = PBXBuildFile; fileRef = 7C0F53A72B5FEF5C00C71AC1 /* StatsActivity.swift */; };
		7C17A0802B569E1B00EFFE5C /* Main.storyboard in Resources */ = {isa = PBXBuildFile; fileRef = 7C17A07F2B569E1B00EFFE5C /* Main.storyboard */; };
		7C1A486E2B5E6889002A8A1E /* PlaceListItem.swift in Sources */ = {isa = PBXBuildFile; fileRef = 7C1A486D2B5E6889002A8A1E /* PlaceListItem.swift */; };
		7C1A48702B5E9DE4002A8A1E /* StatsTab.swift in Sources */ = {isa = PBXBuildFile; fileRef = 7C1A486F2B5E9DE4002A8A1E /* StatsTab.swift */; };
		7C2054EF2B552C7E00D1FCFA /* MatchesView.swift in Sources */ = {isa = PBXBuildFile; fileRef = 7C2054EE2B552C7E00D1FCFA /* MatchesView.swift */; };
		7C2054F12B554CF600D1FCFA /* LogInView.swift in Sources */ = {isa = PBXBuildFile; fileRef = 7C2054F02B554CF600D1FCFA /* LogInView.swift */; };
		7C24883E2B55C898001A18AB /* LoadingComponent.swift in Sources */ = {isa = PBXBuildFile; fileRef = 7C24883D2B55C898001A18AB /* LoadingComponent.swift */; };
		7C2488422B55D896001A18AB /* MatchInfo.swift in Sources */ = {isa = PBXBuildFile; fileRef = 7C2488412B55D896001A18AB /* MatchInfo.swift */; };
		7C2488452B55DA40001A18AB /* ModelLoader.swift in Sources */ = {isa = PBXBuildFile; fileRef = 7C2488442B55DA40001A18AB /* ModelLoader.swift */; };
		7C2488482B55DAD8001A18AB /* matchData.json in Resources */ = {isa = PBXBuildFile; fileRef = 7C2488472B55DAD8001A18AB /* matchData.json */; };
		7C24884B2B55DE42001A18AB /* MatchOverview.swift in Sources */ = {isa = PBXBuildFile; fileRef = 7C24884A2B55DE42001A18AB /* MatchOverview.swift */; };
		7C2E56082B970DC00002D1C3 /* NextMatchComponent.swift in Sources */ = {isa = PBXBuildFile; fileRef = 7C2E56072B970DC00002D1C3 /* NextMatchComponent.swift */; };
		7C3A7DDE2B544B7E006B8B81 /* ClubCard.swift in Sources */ = {isa = PBXBuildFile; fileRef = 7C3A7DDD2B544B7E006B8B81 /* ClubCard.swift */; };
		7C465CCA2B5707C300B97FC8 /* teamData.json in Resources */ = {isa = PBXBuildFile; fileRef = 7C465CC92B5707C300B97FC8 /* teamData.json */; };
		7C484A762B6ED0B00055F898 /* PlayerReport.swift in Sources */ = {isa = PBXBuildFile; fileRef = 7C484A752B6ED0B00055F898 /* PlayerReport.swift */; };
		7C484A782B6ED6F20055F898 /* reports.json in Resources */ = {isa = PBXBuildFile; fileRef = 7C484A772B6ED6F20055F898 /* reports.json */; };
		7C4A17D72B5C2F96001C7C4E /* logo.json in Resources */ = {isa = PBXBuildFile; fileRef = 7C4A17D62B5C2F96001C7C4E /* logo.json */; };
		7C4A17DA2B5C32C0001C7C4E /* Lottie in Frameworks */ = {isa = PBXBuildFile; productRef = 7C4A17D92B5C32C0001C7C4E /* Lottie */; };
		7C4A17DC2B5C3540001C7C4E /* animation.json in Resources */ = {isa = PBXBuildFile; fileRef = 7C4A17DB2B5C3540001C7C4E /* animation.json */; };
		7C4A17DE2B5C3727001C7C4E /* loading.json in Resources */ = {isa = PBXBuildFile; fileRef = 7C4A17DD2B5C3727001C7C4E /* loading.json */; };
		7C50936E2B56728F00521CC4 /* MatchInfoActivity.swift in Sources */ = {isa = PBXBuildFile; fileRef = 7C50936D2B56728F00521CC4 /* MatchInfoActivity.swift */; };
		7C5664C92B8D894C005EC078 /* ProfileCard.swift in Sources */ = {isa = PBXBuildFile; fileRef = 7C5664C82B8D894C005EC078 /* ProfileCard.swift */; };
		7C6053942B5A6FF5005F60B0 /* MapPickerView.swift in Sources */ = {isa = PBXBuildFile; fileRef = 7C6053932B5A6FF5005F60B0 /* MapPickerView.swift */; };
		7C7EA12B2B5705BF00218D30 /* TeamData.swift in Sources */ = {isa = PBXBuildFile; fileRef = 7C7EA12A2B5705BF00218D30 /* TeamData.swift */; };
		7CA3C36B2B5DADC00046D0DD /* LocationSearchService.swift in Sources */ = {isa = PBXBuildFile; fileRef = 7CA3C36A2B5DADC00046D0DD /* LocationSearchService.swift */; };
		7CC5ED612B5920910056DB7D /* CreateMatchSheetView.swift in Sources */ = {isa = PBXBuildFile; fileRef = 7CC5ED602B5920910056DB7D /* CreateMatchSheetView.swift */; };
		7CCD7E772B9E8E78006C4CCC /* Config.swift in Sources */ = {isa = PBXBuildFile; fileRef = 7CCD7E762B9E8E78006C4CCC /* Config.swift */; };
		7CD9FCEF2B56CBF300421B0D /* TeamTab.swift in Sources */ = {isa = PBXBuildFile; fileRef = 7CD9FCEE2B56CBF300421B0D /* TeamTab.swift */; };
		7CD9FCF12B56CD0600421B0D /* PlayerRow.swift in Sources */ = {isa = PBXBuildFile; fileRef = 7CD9FCF02B56CD0600421B0D /* PlayerRow.swift */; };
		7CDBE3E02B8369E8001CABED /* RatingComponent.swift in Sources */ = {isa = PBXBuildFile; fileRef = 7CDBE3DF2B8369E8001CABED /* RatingComponent.swift */; };
		7CDDFE292B5F432200212DA0 /* FutField.json in Resources */ = {isa = PBXBuildFile; fileRef = 7CDDFE282B5F432200212DA0 /* FutField.json */; };
		7CE38AE22B73B06700985826 /* ReportEvaluator.swift in Sources */ = {isa = PBXBuildFile; fileRef = 7CE38AE12B73B06700985826 /* ReportEvaluator.swift */; };
		7CEB240C2B3031C600BDF78E /* Launch Screen.storyboard in Resources */ = {isa = PBXBuildFile; fileRef = 7CEB240B2B3031C600BDF78E /* Launch Screen.storyboard */; };
		7CED8F1D2B84D7AA00A9125E /* NumericAssignComponent.swift in Sources */ = {isa = PBXBuildFile; fileRef = 7CED8F1C2B84D7AA00A9125E /* NumericAssignComponent.swift */; };
		7CFFBBE02B5DDB9000C66D6C /* OldMatchesActivity.swift in Sources */ = {isa = PBXBuildFile; fileRef = 7CFFBBDF2B5DDB9000C66D6C /* OldMatchesActivity.swift */; };
/* End PBXBuildFile section */

/* Begin PBXFileReference section */
		7C02D6E52ACE958E000917BD /* FutPlannerApp.swift */ = {isa = PBXFileReference; lastKnownFileType = sourcecode.swift; path = FutPlannerApp.swift; sourceTree = "<group>"; };
		7C02D6E72ACE958E000917BD /* ContentView.swift */ = {isa = PBXFileReference; lastKnownFileType = sourcecode.swift; path = ContentView.swift; sourceTree = "<group>"; };
		7C02D6E92ACE958E000917BD /* Item.swift */ = {isa = PBXFileReference; lastKnownFileType = sourcecode.swift; path = Item.swift; sourceTree = "<group>"; };
		7C02D6EB2ACE958F000917BD /* Assets.xcassets */ = {isa = PBXFileReference; lastKnownFileType = folder.assetcatalog; path = Assets.xcassets; sourceTree = "<group>"; };
		7C02D6EE2ACE958F000917BD /* Preview Assets.xcassets */ = {isa = PBXFileReference; lastKnownFileType = folder.assetcatalog; path = "Preview Assets.xcassets"; sourceTree = "<group>"; };
		7C05475A2B516E55000BC7D2 /* HomeTab.swift */ = {isa = PBXFileReference; lastKnownFileType = sourcecode.swift; path = HomeTab.swift; sourceTree = "<group>"; };
		7C06C3362B6A4CE200FDF0DC /* FutPlanner.app */ = {isa = PBXFileReference; explicitFileType = wrapper.application; includeInIndex = 0; path = FutPlanner.app; sourceTree = BUILT_PRODUCTS_DIR; };
		7C0F53A52B5FE0E100C71AC1 /* PlayerListItem.swift */ = {isa = PBXFileReference; lastKnownFileType = sourcecode.swift; path = PlayerListItem.swift; sourceTree = "<group>"; };
		7C0F53A72B5FEF5C00C71AC1 /* StatsActivity.swift */ = {isa = PBXFileReference; lastKnownFileType = sourcecode.swift; path = StatsActivity.swift; sourceTree = "<group>"; };
		7C17A07F2B569E1B00EFFE5C /* Main.storyboard */ = {isa = PBXFileReference; lastKnownFileType = file.storyboard; path = Main.storyboard; sourceTree = "<group>"; };
		7C1A486D2B5E6889002A8A1E /* PlaceListItem.swift */ = {isa = PBXFileReference; lastKnownFileType = sourcecode.swift; path = PlaceListItem.swift; sourceTree = "<group>"; };
		7C1A486F2B5E9DE4002A8A1E /* StatsTab.swift */ = {isa = PBXFileReference; lastKnownFileType = sourcecode.swift; path = StatsTab.swift; sourceTree = "<group>"; };
		7C2054EE2B552C7E00D1FCFA /* MatchesView.swift */ = {isa = PBXFileReference; lastKnownFileType = sourcecode.swift; path = MatchesView.swift; sourceTree = "<group>"; };
		7C2054F02B554CF600D1FCFA /* LogInView.swift */ = {isa = PBXFileReference; lastKnownFileType = sourcecode.swift; path = LogInView.swift; sourceTree = "<group>"; };
		7C24883D2B55C898001A18AB /* LoadingComponent.swift */ = {isa = PBXFileReference; lastKnownFileType = sourcecode.swift; path = LoadingComponent.swift; sourceTree = "<group>"; };
		7C2488412B55D896001A18AB /* MatchInfo.swift */ = {isa = PBXFileReference; lastKnownFileType = sourcecode.swift; path = MatchInfo.swift; sourceTree = "<group>"; };
		7C2488442B55DA40001A18AB /* ModelLoader.swift */ = {isa = PBXFileReference; lastKnownFileType = sourcecode.swift; path = ModelLoader.swift; sourceTree = "<group>"; };
		7C2488472B55DAD8001A18AB /* matchData.json */ = {isa = PBXFileReference; lastKnownFileType = text.json; path = matchData.json; sourceTree = "<group>"; };
		7C24884A2B55DE42001A18AB /* MatchOverview.swift */ = {isa = PBXFileReference; lastKnownFileType = sourcecode.swift; path = MatchOverview.swift; sourceTree = "<group>"; };
		7C2E56072B970DC00002D1C3 /* NextMatchComponent.swift */ = {isa = PBXFileReference; lastKnownFileType = sourcecode.swift; path = NextMatchComponent.swift; sourceTree = "<group>"; };
		7C3A7DDD2B544B7E006B8B81 /* ClubCard.swift */ = {isa = PBXFileReference; lastKnownFileType = sourcecode.swift; path = ClubCard.swift; sourceTree = "<group>"; };
		7C465CC92B5707C300B97FC8 /* teamData.json */ = {isa = PBXFileReference; fileEncoding = 4; lastKnownFileType = text.json; path = teamData.json; sourceTree = "<group>"; };
		7C484A752B6ED0B00055F898 /* PlayerReport.swift */ = {isa = PBXFileReference; lastKnownFileType = sourcecode.swift; path = PlayerReport.swift; sourceTree = "<group>"; };
		7C484A772B6ED6F20055F898 /* reports.json */ = {isa = PBXFileReference; lastKnownFileType = text.json; path = reports.json; sourceTree = "<group>"; };
		7C4A17D62B5C2F96001C7C4E /* logo.json */ = {isa = PBXFileReference; fileEncoding = 4; lastKnownFileType = text.json; path = logo.json; sourceTree = "<group>"; };
		7C4A17DB2B5C3540001C7C4E /* animation.json */ = {isa = PBXFileReference; fileEncoding = 4; lastKnownFileType = text.json; path = animation.json; sourceTree = "<group>"; };
		7C4A17DD2B5C3727001C7C4E /* loading.json */ = {isa = PBXFileReference; fileEncoding = 4; lastKnownFileType = text.json; path = loading.json; sourceTree = "<group>"; };
		7C50936D2B56728F00521CC4 /* MatchInfoActivity.swift */ = {isa = PBXFileReference; lastKnownFileType = sourcecode.swift; path = MatchInfoActivity.swift; sourceTree = "<group>"; };
		7C5664C82B8D894C005EC078 /* ProfileCard.swift */ = {isa = PBXFileReference; lastKnownFileType = sourcecode.swift; path = ProfileCard.swift; sourceTree = "<group>"; };
		7C6053932B5A6FF5005F60B0 /* MapPickerView.swift */ = {isa = PBXFileReference; lastKnownFileType = sourcecode.swift; path = MapPickerView.swift; sourceTree = "<group>"; };
		7C7EA12A2B5705BF00218D30 /* TeamData.swift */ = {isa = PBXFileReference; lastKnownFileType = sourcecode.swift; path = TeamData.swift; sourceTree = "<group>"; };
		7CA3C36A2B5DADC00046D0DD /* LocationSearchService.swift */ = {isa = PBXFileReference; lastKnownFileType = sourcecode.swift; path = LocationSearchService.swift; sourceTree = "<group>"; };
		7CC5ED602B5920910056DB7D /* CreateMatchSheetView.swift */ = {isa = PBXFileReference; lastKnownFileType = sourcecode.swift; path = CreateMatchSheetView.swift; sourceTree = "<group>"; };
		7CCD7E762B9E8E78006C4CCC /* Config.swift */ = {isa = PBXFileReference; lastKnownFileType = sourcecode.swift; path = Config.swift; sourceTree = "<group>"; };
		7CD9FCEE2B56CBF300421B0D /* TeamTab.swift */ = {isa = PBXFileReference; lastKnownFileType = sourcecode.swift; path = TeamTab.swift; sourceTree = "<group>"; };
		7CD9FCF02B56CD0600421B0D /* PlayerRow.swift */ = {isa = PBXFileReference; lastKnownFileType = sourcecode.swift; path = PlayerRow.swift; sourceTree = "<group>"; };
		7CDBE3DF2B8369E8001CABED /* RatingComponent.swift */ = {isa = PBXFileReference; lastKnownFileType = sourcecode.swift; path = RatingComponent.swift; sourceTree = "<group>"; };
		7CDDFE282B5F432200212DA0 /* FutField.json */ = {isa = PBXFileReference; fileEncoding = 4; lastKnownFileType = text.json; path = FutField.json; sourceTree = "<group>"; };
		7CE38AE12B73B06700985826 /* ReportEvaluator.swift */ = {isa = PBXFileReference; lastKnownFileType = sourcecode.swift; path = ReportEvaluator.swift; sourceTree = "<group>"; };
		7CEB240B2B3031C600BDF78E /* Launch Screen.storyboard */ = {isa = PBXFileReference; lastKnownFileType = file.storyboard; path = "Launch Screen.storyboard"; sourceTree = "<group>"; };
		7CED8F1C2B84D7AA00A9125E /* NumericAssignComponent.swift */ = {isa = PBXFileReference; lastKnownFileType = sourcecode.swift; path = NumericAssignComponent.swift; sourceTree = "<group>"; };
		7CFFBBDF2B5DDB9000C66D6C /* OldMatchesActivity.swift */ = {isa = PBXFileReference; lastKnownFileType = sourcecode.swift; path = OldMatchesActivity.swift; sourceTree = "<group>"; };
/* End PBXFileReference section */

/* Begin PBXFrameworksBuildPhase section */
		7C02D6DF2ACE958E000917BD /* Frameworks */ = {
			isa = PBXFrameworksBuildPhase;
			buildActionMask = 2147483647;
			files = (
				7C06C3392B6A50B900FDF0DC /* DGCharts in Frameworks */,
				7C4A17DA2B5C32C0001C7C4E /* Lottie in Frameworks */,
			);
			runOnlyForDeploymentPostprocessing = 0;
		};
/* End PBXFrameworksBuildPhase section */

/* Begin PBXGroup section */
		7C02D6D92ACE958E000917BD = {
			isa = PBXGroup;
			children = (
				7C02D6E42ACE958E000917BD /* FutPlanner */,
				7C06C3362B6A4CE200FDF0DC /* FutPlanner.app */,
			);
			sourceTree = "<group>";
		};
		7C02D6E42ACE958E000917BD /* FutPlanner */ = {
			isa = PBXGroup;
			children = (
				7CA3C3692B5DADAB0046D0DD /* Logic */,
				7C4A17D32B5C2F65001C7C4E /* Lottie */,
				7C2488462B55DA84001A18AB /* Resources */,
				7C24883F2B55D875001A18AB /* Objects */,
				7C2054ED2B552C6800D1FCFA /* Activities */,
				7C3A7DDC2B544B64006B8B81 /* Components */,
				7C0547592B516E40000BC7D2 /* Tabs */,
				7C02D6E52ACE958E000917BD /* FutPlannerApp.swift */,
				7C02D6E72ACE958E000917BD /* ContentView.swift */,
				7CEB240B2B3031C600BDF78E /* Launch Screen.storyboard */,
				7C02D6E92ACE958E000917BD /* Item.swift */,
				7C02D6EB2ACE958F000917BD /* Assets.xcassets */,
				7C02D6ED2ACE958F000917BD /* Preview Content */,
				7C17A07F2B569E1B00EFFE5C /* Main.storyboard */,
				7CCD7E762B9E8E78006C4CCC /* Config.swift */,
			);
			path = FutPlanner;
			sourceTree = "<group>";
		};
		7C02D6ED2ACE958F000917BD /* Preview Content */ = {
			isa = PBXGroup;
			children = (
				7C02D6EE2ACE958F000917BD /* Preview Assets.xcassets */,
			);
			path = "Preview Content";
			sourceTree = "<group>";
		};
		7C0547592B516E40000BC7D2 /* Tabs */ = {
			isa = PBXGroup;
			children = (
				7C05475A2B516E55000BC7D2 /* HomeTab.swift */,
				7C2054F02B554CF600D1FCFA /* LogInView.swift */,
				7CD9FCEE2B56CBF300421B0D /* TeamTab.swift */,
				7C1A486F2B5E9DE4002A8A1E /* StatsTab.swift */,
			);
			path = Tabs;
			sourceTree = "<group>";
		};
		7C2054ED2B552C6800D1FCFA /* Activities */ = {
			isa = PBXGroup;
			children = (
				7CE38AE02B73AF8D00985826 /* Reports */,
				7C484A6F2B6ECEF20055F898 /* Map */,
				7C484A6E2B6ECEDA0055F898 /* Matches */,
				7C484A6D2B6ECEB50055F898 /* Stats */,
			);
			path = Activities;
			sourceTree = "<group>";
		};
		7C24883F2B55D875001A18AB /* Objects */ = {
			isa = PBXGroup;
			children = (
				7C484A742B6ED0480055F898 /* Reports */,
				7C7EA1292B5705A100218D30 /* Team */,
				7C2488432B55DA0C001A18AB /* Utils */,
				7C2488402B55D87D001A18AB /* Matches */,
			);
			path = Objects;
			sourceTree = "<group>";
		};
		7C2488402B55D87D001A18AB /* Matches */ = {
			isa = PBXGroup;
			children = (
				7C2488412B55D896001A18AB /* MatchInfo.swift */,
			);
			path = Matches;
			sourceTree = "<group>";
		};
		7C2488432B55DA0C001A18AB /* Utils */ = {
			isa = PBXGroup;
			children = (
				7C2488442B55DA40001A18AB /* ModelLoader.swift */,
			);
			path = Utils;
			sourceTree = "<group>";
		};
		7C2488462B55DA84001A18AB /* Resources */ = {
			isa = PBXGroup;
			children = (
				7C465CC92B5707C300B97FC8 /* teamData.json */,
				7C2488472B55DAD8001A18AB /* matchData.json */,
				7C484A772B6ED6F20055F898 /* reports.json */,
			);
			path = Resources;
			sourceTree = "<group>";
		};
		7C3A7DDC2B544B64006B8B81 /* Components */ = {
			isa = PBXGroup;
			children = (
				7C484A732B6ECF7D0055F898 /* Team */,
				7C484A722B6ECF700055F898 /* Home */,
				7C484A712B6ECF630055F898 /* Stats */,
				7C484A702B6ECF3A0055F898 /* Matches */,
				7C24883D2B55C898001A18AB /* LoadingComponent.swift */,
				7C5664C82B8D894C005EC078 /* ProfileCard.swift */,
			);
			path = Components;
			sourceTree = "<group>";
		};
		7C484A6D2B6ECEB50055F898 /* Stats */ = {
			isa = PBXGroup;
			children = (
				7C0F53A72B5FEF5C00C71AC1 /* StatsActivity.swift */,
			);
			path = Stats;
			sourceTree = "<group>";
		};
		7C484A6E2B6ECEDA0055F898 /* Matches */ = {
			isa = PBXGroup;
			children = (
				7C2054EE2B552C7E00D1FCFA /* MatchesView.swift */,
				7C50936D2B56728F00521CC4 /* MatchInfoActivity.swift */,
				7CFFBBDF2B5DDB9000C66D6C /* OldMatchesActivity.swift */,
			);
			path = Matches;
			sourceTree = "<group>";
		};
		7C484A6F2B6ECEF20055F898 /* Map */ = {
			isa = PBXGroup;
			children = (
				7C6053932B5A6FF5005F60B0 /* MapPickerView.swift */,
			);
			path = Map;
			sourceTree = "<group>";
		};
		7C484A702B6ECF3A0055F898 /* Matches */ = {
			isa = PBXGroup;
			children = (
				7C24884A2B55DE42001A18AB /* MatchOverview.swift */,
				7CC5ED602B5920910056DB7D /* CreateMatchSheetView.swift */,
				7C1A486D2B5E6889002A8A1E /* PlaceListItem.swift */,
			);
			path = Matches;
			sourceTree = "<group>";
		};
		7C484A712B6ECF630055F898 /* Stats */ = {
			isa = PBXGroup;
			children = (
				7C0F53A52B5FE0E100C71AC1 /* PlayerListItem.swift */,
				7CDBE3DF2B8369E8001CABED /* RatingComponent.swift */,
				7CED8F1C2B84D7AA00A9125E /* NumericAssignComponent.swift */,
			);
			path = Stats;
			sourceTree = "<group>";
		};
		7C484A722B6ECF700055F898 /* Home */ = {
			isa = PBXGroup;
			children = (
				7C3A7DDD2B544B7E006B8B81 /* ClubCard.swift */,
				7C2E56072B970DC00002D1C3 /* NextMatchComponent.swift */,
			);
			path = Home;
			sourceTree = "<group>";
		};
		7C484A732B6ECF7D0055F898 /* Team */ = {
			isa = PBXGroup;
			children = (
				7CD9FCF02B56CD0600421B0D /* PlayerRow.swift */,
			);
			path = Team;
			sourceTree = "<group>";
		};
		7C484A742B6ED0480055F898 /* Reports */ = {
			isa = PBXGroup;
			children = (
				7C484A752B6ED0B00055F898 /* PlayerReport.swift */,
			);
			path = Reports;
			sourceTree = "<group>";
		};
		7C4A17D32B5C2F65001C7C4E /* Lottie */ = {
			isa = PBXGroup;
			children = (
				7CDDFE282B5F432200212DA0 /* FutField.json */,
				7C4A17D62B5C2F96001C7C4E /* logo.json */,
				7C4A17DD2B5C3727001C7C4E /* loading.json */,
				7C4A17DB2B5C3540001C7C4E /* animation.json */,
			);
			path = Lottie;
			sourceTree = "<group>";
		};
		7C7EA1292B5705A100218D30 /* Team */ = {
			isa = PBXGroup;
			children = (
				7C7EA12A2B5705BF00218D30 /* TeamData.swift */,
			);
			path = Team;
			sourceTree = "<group>";
		};
		7CA3C3692B5DADAB0046D0DD /* Logic */ = {
			isa = PBXGroup;
			children = (
				7CA3C36A2B5DADC00046D0DD /* LocationSearchService.swift */,
			);
			path = Logic;
			sourceTree = "<group>";
		};
		7CE38AE02B73AF8D00985826 /* Reports */ = {
			isa = PBXGroup;
			children = (
				7CE38AE12B73B06700985826 /* ReportEvaluator.swift */,
			);
			path = Reports;
			sourceTree = "<group>";
		};
/* End PBXGroup section */

/* Begin PBXNativeTarget section */
		7C02D6E12ACE958E000917BD /* FutPlanner */ = {
			isa = PBXNativeTarget;
			buildConfigurationList = 7C02D6F22ACE958F000917BD /* Build configuration list for PBXNativeTarget "FutPlanner" */;
			buildPhases = (
				7C02D6DE2ACE958E000917BD /* Sources */,
				7C02D6DF2ACE958E000917BD /* Frameworks */,
				7C02D6E02ACE958E000917BD /* Resources */,
			);
			buildRules = (
			);
			dependencies = (
			);
			name = FutPlanner;
			packageProductDependencies = (
				7C4A17D92B5C32C0001C7C4E /* Lottie */,
				7C06C3382B6A50B900FDF0DC /* DGCharts */,
			);
			productName = FutPlanner;
			productReference = 7C06C3362B6A4CE200FDF0DC /* FutPlanner.app */;
			productType = "com.apple.product-type.application";
		};
/* End PBXNativeTarget section */

/* Begin PBXProject section */
		7C02D6DA2ACE958E000917BD /* Project object */ = {
			isa = PBXProject;
			attributes = {
				BuildIndependentTargetsInParallel = 1;
				LastSwiftUpdateCheck = 1500;
				LastUpgradeCheck = 1500;
				TargetAttributes = {
					7C02D6E12ACE958E000917BD = {
						CreatedOnToolsVersion = 15.0;
					};
				};
			};
			buildConfigurationList = 7C02D6DD2ACE958E000917BD /* Build configuration list for PBXProject "FutPlanner" */;
			compatibilityVersion = "Xcode 14.0";
			developmentRegion = en;
			hasScannedForEncodings = 0;
			knownRegions = (
				en,
				Base,
			);
			mainGroup = 7C02D6D92ACE958E000917BD;
			packageReferences = (
				7C4A17D82B5C32C0001C7C4E /* XCRemoteSwiftPackageReference "lottie-ios" */,
				7C06C3372B6A50B900FDF0DC /* XCRemoteSwiftPackageReference "Charts" */,
			);
			productRefGroup = 7C02D6D92ACE958E000917BD;
			projectDirPath = "";
			projectRoot = "";
			targets = (
				7C02D6E12ACE958E000917BD /* FutPlanner */,
			);
		};
/* End PBXProject section */

/* Begin PBXResourcesBuildPhase section */
		7C02D6E02ACE958E000917BD /* Resources */ = {
			isa = PBXResourcesBuildPhase;
			buildActionMask = 2147483647;
			files = (
				7C484A782B6ED6F20055F898 /* reports.json in Resources */,
				7C465CCA2B5707C300B97FC8 /* teamData.json in Resources */,
				7CEB240C2B3031C600BDF78E /* Launch Screen.storyboard in Resources */,
				7CDDFE292B5F432200212DA0 /* FutField.json in Resources */,
				7C17A0802B569E1B00EFFE5C /* Main.storyboard in Resources */,
				7C2488482B55DAD8001A18AB /* matchData.json in Resources */,
				7C02D6EF2ACE958F000917BD /* Preview Assets.xcassets in Resources */,
				7C02D6EC2ACE958F000917BD /* Assets.xcassets in Resources */,
				7C4A17DC2B5C3540001C7C4E /* animation.json in Resources */,
				7C4A17D72B5C2F96001C7C4E /* logo.json in Resources */,
				7C4A17DE2B5C3727001C7C4E /* loading.json in Resources */,
			);
			runOnlyForDeploymentPostprocessing = 0;
		};
/* End PBXResourcesBuildPhase section */

/* Begin PBXSourcesBuildPhase section */
		7C02D6DE2ACE958E000917BD /* Sources */ = {
			isa = PBXSourcesBuildPhase;
			buildActionMask = 2147483647;
			files = (
				7C1A486E2B5E6889002A8A1E /* PlaceListItem.swift in Sources */,
				7CA3C36B2B5DADC00046D0DD /* LocationSearchService.swift in Sources */,
				7CFFBBE02B5DDB9000C66D6C /* OldMatchesActivity.swift in Sources */,
				7C50936E2B56728F00521CC4 /* MatchInfoActivity.swift in Sources */,
				7C24884B2B55DE42001A18AB /* MatchOverview.swift in Sources */,
				7C6053942B5A6FF5005F60B0 /* MapPickerView.swift in Sources */,
				7C484A762B6ED0B00055F898 /* PlayerReport.swift in Sources */,
				7C5664C92B8D894C005EC078 /* ProfileCard.swift in Sources */,
				7C05475B2B516E55000BC7D2 /* HomeTab.swift in Sources */,
				7C2488422B55D896001A18AB /* MatchInfo.swift in Sources */,
				7C2488452B55DA40001A18AB /* ModelLoader.swift in Sources */,
				7C0F53A62B5FE0E100C71AC1 /* PlayerListItem.swift in Sources */,
				7C2054F12B554CF600D1FCFA /* LogInView.swift in Sources */,
				7CED8F1D2B84D7AA00A9125E /* NumericAssignComponent.swift in Sources */,
				7C24883E2B55C898001A18AB /* LoadingComponent.swift in Sources */,
				7C02D6E82ACE958E000917BD /* ContentView.swift in Sources */,
				7C3A7DDE2B544B7E006B8B81 /* ClubCard.swift in Sources */,
				7CCD7E772B9E8E78006C4CCC /* Config.swift in Sources */,
				7CC5ED612B5920910056DB7D /* CreateMatchSheetView.swift in Sources */,
				7CD9FCF12B56CD0600421B0D /* PlayerRow.swift in Sources */,
				7C02D6EA2ACE958E000917BD /* Item.swift in Sources */,
				7C0F53A82B5FEF5C00C71AC1 /* StatsActivity.swift in Sources */,
				7C2054EF2B552C7E00D1FCFA /* MatchesView.swift in Sources */,
				7C1A48702B5E9DE4002A8A1E /* StatsTab.swift in Sources */,
				7C02D6E62ACE958E000917BD /* FutPlannerApp.swift in Sources */,
				7C2E56082B970DC00002D1C3 /* NextMatchComponent.swift in Sources */,
				7CDBE3E02B8369E8001CABED /* RatingComponent.swift in Sources */,
				7C7EA12B2B5705BF00218D30 /* TeamData.swift in Sources */,
				7CD9FCEF2B56CBF300421B0D /* TeamTab.swift in Sources */,
				7CE38AE22B73B06700985826 /* ReportEvaluator.swift in Sources */,
			);
			runOnlyForDeploymentPostprocessing = 0;
		};
/* End PBXSourcesBuildPhase section */

/* Begin XCBuildConfiguration section */
		7C02D6F02ACE958F000917BD /* Debug */ = {
			isa = XCBuildConfiguration;
			buildSettings = {
				ALWAYS_SEARCH_USER_PATHS = NO;
				ASSETCATALOG_COMPILER_GENERATE_SWIFT_ASSET_SYMBOL_EXTENSIONS = YES;
				CLANG_ANALYZER_NONNULL = YES;
				CLANG_ANALYZER_NUMBER_OBJECT_CONVERSION = YES_AGGRESSIVE;
				CLANG_CXX_LANGUAGE_STANDARD = "gnu++20";
				CLANG_ENABLE_MODULES = YES;
				CLANG_ENABLE_OBJC_ARC = YES;
				CLANG_ENABLE_OBJC_WEAK = YES;
				CLANG_WARN_BLOCK_CAPTURE_AUTORELEASING = YES;
				CLANG_WARN_BOOL_CONVERSION = YES;
				CLANG_WARN_COMMA = YES;
				CLANG_WARN_CONSTANT_CONVERSION = YES;
				CLANG_WARN_DEPRECATED_OBJC_IMPLEMENTATIONS = YES;
				CLANG_WARN_DIRECT_OBJC_ISA_USAGE = YES_ERROR;
				CLANG_WARN_DOCUMENTATION_COMMENTS = YES;
				CLANG_WARN_EMPTY_BODY = YES;
				CLANG_WARN_ENUM_CONVERSION = YES;
				CLANG_WARN_INFINITE_RECURSION = YES;
				CLANG_WARN_INT_CONVERSION = YES;
				CLANG_WARN_NON_LITERAL_NULL_CONVERSION = YES;
				CLANG_WARN_OBJC_IMPLICIT_RETAIN_SELF = YES;
				CLANG_WARN_OBJC_LITERAL_CONVERSION = YES;
				CLANG_WARN_OBJC_ROOT_CLASS = YES_ERROR;
				CLANG_WARN_QUOTED_INCLUDE_IN_FRAMEWORK_HEADER = YES;
				CLANG_WARN_RANGE_LOOP_ANALYSIS = YES;
				CLANG_WARN_STRICT_PROTOTYPES = YES;
				CLANG_WARN_SUSPICIOUS_MOVE = YES;
				CLANG_WARN_UNGUARDED_AVAILABILITY = YES_AGGRESSIVE;
				CLANG_WARN_UNREACHABLE_CODE = YES;
				CLANG_WARN__DUPLICATE_METHOD_MATCH = YES;
				COPY_PHASE_STRIP = NO;
				DEBUG_INFORMATION_FORMAT = dwarf;
				ENABLE_STRICT_OBJC_MSGSEND = YES;
				ENABLE_TESTABILITY = YES;
				ENABLE_USER_SCRIPT_SANDBOXING = YES;
				GCC_C_LANGUAGE_STANDARD = gnu17;
				GCC_DYNAMIC_NO_PIC = NO;
				GCC_NO_COMMON_BLOCKS = YES;
				GCC_OPTIMIZATION_LEVEL = 0;
				GCC_PREPROCESSOR_DEFINITIONS = (
					"DEBUG=1",
					"$(inherited)",
				);
				GCC_WARN_64_TO_32_BIT_CONVERSION = YES;
				GCC_WARN_ABOUT_RETURN_TYPE = YES_ERROR;
				GCC_WARN_UNDECLARED_SELECTOR = YES;
				GCC_WARN_UNINITIALIZED_AUTOS = YES_AGGRESSIVE;
				GCC_WARN_UNUSED_FUNCTION = YES;
				GCC_WARN_UNUSED_VARIABLE = YES;
				IPHONEOS_DEPLOYMENT_TARGET = 17.0;
				LOCALIZATION_PREFERS_STRING_CATALOGS = YES;
				MTL_ENABLE_DEBUG_INFO = INCLUDE_SOURCE;
				MTL_FAST_MATH = YES;
				ONLY_ACTIVE_ARCH = YES;
				SDKROOT = iphoneos;
				SWIFT_ACTIVE_COMPILATION_CONDITIONS = "DEBUG $(inherited)";
				SWIFT_OPTIMIZATION_LEVEL = "-Onone";
			};
			name = Debug;
		};
		7C02D6F12ACE958F000917BD /* Release */ = {
			isa = XCBuildConfiguration;
			buildSettings = {
				ALWAYS_SEARCH_USER_PATHS = NO;
				ASSETCATALOG_COMPILER_GENERATE_SWIFT_ASSET_SYMBOL_EXTENSIONS = YES;
				CLANG_ANALYZER_NONNULL = YES;
				CLANG_ANALYZER_NUMBER_OBJECT_CONVERSION = YES_AGGRESSIVE;
				CLANG_CXX_LANGUAGE_STANDARD = "gnu++20";
				CLANG_ENABLE_MODULES = YES;
				CLANG_ENABLE_OBJC_ARC = YES;
				CLANG_ENABLE_OBJC_WEAK = YES;
				CLANG_WARN_BLOCK_CAPTURE_AUTORELEASING = YES;
				CLANG_WARN_BOOL_CONVERSION = YES;
				CLANG_WARN_COMMA = YES;
				CLANG_WARN_CONSTANT_CONVERSION = YES;
				CLANG_WARN_DEPRECATED_OBJC_IMPLEMENTATIONS = YES;
				CLANG_WARN_DIRECT_OBJC_ISA_USAGE = YES_ERROR;
				CLANG_WARN_DOCUMENTATION_COMMENTS = YES;
				CLANG_WARN_EMPTY_BODY = YES;
				CLANG_WARN_ENUM_CONVERSION = YES;
				CLANG_WARN_INFINITE_RECURSION = YES;
				CLANG_WARN_INT_CONVERSION = YES;
				CLANG_WARN_NON_LITERAL_NULL_CONVERSION = YES;
				CLANG_WARN_OBJC_IMPLICIT_RETAIN_SELF = YES;
				CLANG_WARN_OBJC_LITERAL_CONVERSION = YES;
				CLANG_WARN_OBJC_ROOT_CLASS = YES_ERROR;
				CLANG_WARN_QUOTED_INCLUDE_IN_FRAMEWORK_HEADER = YES;
				CLANG_WARN_RANGE_LOOP_ANALYSIS = YES;
				CLANG_WARN_STRICT_PROTOTYPES = YES;
				CLANG_WARN_SUSPICIOUS_MOVE = YES;
				CLANG_WARN_UNGUARDED_AVAILABILITY = YES_AGGRESSIVE;
				CLANG_WARN_UNREACHABLE_CODE = YES;
				CLANG_WARN__DUPLICATE_METHOD_MATCH = YES;
				COPY_PHASE_STRIP = NO;
				DEBUG_INFORMATION_FORMAT = "dwarf-with-dsym";
				ENABLE_NS_ASSERTIONS = NO;
				ENABLE_STRICT_OBJC_MSGSEND = YES;
				ENABLE_USER_SCRIPT_SANDBOXING = YES;
				GCC_C_LANGUAGE_STANDARD = gnu17;
				GCC_NO_COMMON_BLOCKS = YES;
				GCC_WARN_64_TO_32_BIT_CONVERSION = YES;
				GCC_WARN_ABOUT_RETURN_TYPE = YES_ERROR;
				GCC_WARN_UNDECLARED_SELECTOR = YES;
				GCC_WARN_UNINITIALIZED_AUTOS = YES_AGGRESSIVE;
				GCC_WARN_UNUSED_FUNCTION = YES;
				GCC_WARN_UNUSED_VARIABLE = YES;
				IPHONEOS_DEPLOYMENT_TARGET = 17.0;
				LOCALIZATION_PREFERS_STRING_CATALOGS = YES;
				MTL_ENABLE_DEBUG_INFO = NO;
				MTL_FAST_MATH = YES;
				SDKROOT = iphoneos;
				SWIFT_COMPILATION_MODE = wholemodule;
				VALIDATE_PRODUCT = YES;
			};
			name = Release;
		};
		7C02D6F32ACE958F000917BD /* Debug */ = {
			isa = XCBuildConfiguration;
			buildSettings = {
				ASSETCATALOG_COMPILER_APPICON_NAME = AppIcon;
				ASSETCATALOG_COMPILER_GLOBAL_ACCENT_COLOR_NAME = AccentColor;
				CODE_SIGN_STYLE = Automatic;
				CURRENT_PROJECT_VERSION = 1;
				DEVELOPMENT_ASSET_PATHS = "\"FutPlanner/Preview Content\"";
				DEVELOPMENT_TEAM = S62924SPM4;
				ENABLE_PREVIEWS = YES;
				FRAMEWORK_SEARCH_PATHS = (
					"$(inherited)",
					"$(PROJECT_DIR)/Carthage/Build/iOS",
				);
				GENERATE_INFOPLIST_FILE = YES;
				INFOPLIST_KEY_UIApplicationSceneManifest_Generation = YES;
				INFOPLIST_KEY_UIApplicationSupportsIndirectInputEvents = YES;
				INFOPLIST_KEY_UILaunchScreen_Generation = YES;
				INFOPLIST_KEY_UILaunchStoryboardName = "Launch Screen.storyboard";
				INFOPLIST_KEY_UIRequiresFullScreen = YES;
				INFOPLIST_KEY_UISupportedInterfaceOrientations = UIInterfaceOrientationPortrait;
				LD_RUNPATH_SEARCH_PATHS = (
					"$(inherited)",
					"@executable_path/Frameworks",
				);
				MARKETING_VERSION = 1.0;
				PRODUCT_BUNDLE_IDENTIFIER = "Misonco-Tech.FutPlanner";
				PRODUCT_NAME = "$(TARGET_NAME)";
				SWIFT_EMIT_LOC_STRINGS = YES;
				SWIFT_VERSION = 5.0;
				TARGETED_DEVICE_FAMILY = "1,2";
			};
			name = Debug;
		};
		7C02D6F42ACE958F000917BD /* Release */ = {
			isa = XCBuildConfiguration;
			buildSettings = {
				ASSETCATALOG_COMPILER_APPICON_NAME = AppIcon;
				ASSETCATALOG_COMPILER_GLOBAL_ACCENT_COLOR_NAME = AccentColor;
				CODE_SIGN_STYLE = Automatic;
				CURRENT_PROJECT_VERSION = 1;
				DEVELOPMENT_ASSET_PATHS = "\"FutPlanner/Preview Content\"";
				DEVELOPMENT_TEAM = S62924SPM4;
				ENABLE_PREVIEWS = YES;
				FRAMEWORK_SEARCH_PATHS = (
					"$(inherited)",
					"$(PROJECT_DIR)/Carthage/Build/iOS",
				);
				GENERATE_INFOPLIST_FILE = YES;
				INFOPLIST_KEY_UIApplicationSceneManifest_Generation = YES;
				INFOPLIST_KEY_UIApplicationSupportsIndirectInputEvents = YES;
				INFOPLIST_KEY_UILaunchScreen_Generation = YES;
				INFOPLIST_KEY_UILaunchStoryboardName = "Launch Screen.storyboard";
				INFOPLIST_KEY_UIRequiresFullScreen = YES;
				INFOPLIST_KEY_UISupportedInterfaceOrientations = UIInterfaceOrientationPortrait;
				LD_RUNPATH_SEARCH_PATHS = (
					"$(inherited)",
					"@executable_path/Frameworks",
				);
				MARKETING_VERSION = 1.0;
				PRODUCT_BUNDLE_IDENTIFIER = "Misonco-Tech.FutPlanner";
				PRODUCT_NAME = "$(TARGET_NAME)";
				SWIFT_EMIT_LOC_STRINGS = YES;
				SWIFT_VERSION = 5.0;
				TARGETED_DEVICE_FAMILY = "1,2";
			};
			name = Release;
		};
/* End XCBuildConfiguration section */

/* Begin XCConfigurationList section */
		7C02D6DD2ACE958E000917BD /* Build configuration list for PBXProject "FutPlanner" */ = {
			isa = XCConfigurationList;
			buildConfigurations = (
				7C02D6F02ACE958F000917BD /* Debug */,
				7C02D6F12ACE958F000917BD /* Release */,
			);
			defaultConfigurationIsVisible = 0;
			defaultConfigurationName = Release;
		};
		7C02D6F22ACE958F000917BD /* Build configuration list for PBXNativeTarget "FutPlanner" */ = {
			isa = XCConfigurationList;
			buildConfigurations = (
				7C02D6F32ACE958F000917BD /* Debug */,
				7C02D6F42ACE958F000917BD /* Release */,
			);
			defaultConfigurationIsVisible = 0;
			defaultConfigurationName = Release;
		};
/* End XCConfigurationList section */

/* Begin XCRemoteSwiftPackageReference section */
		7C06C3372B6A50B900FDF0DC /* XCRemoteSwiftPackageReference "Charts" */ = {
			isa = XCRemoteSwiftPackageReference;
			repositoryURL = "https://github.com/danielgindi/Charts";
			requirement = {
				kind = upToNextMajorVersion;
				minimumVersion = 5.0.0;
			};
		};
		7C4A17D82B5C32C0001C7C4E /* XCRemoteSwiftPackageReference "lottie-ios" */ = {
			isa = XCRemoteSwiftPackageReference;
			repositoryURL = "https://github.com/airbnb/lottie-ios";
			requirement = {
				kind = upToNextMajorVersion;
				minimumVersion = 4.3.4;
			};
		};
/* End XCRemoteSwiftPackageReference section */

/* Begin XCSwiftPackageProductDependency section */
		7C06C3382B6A50B900FDF0DC /* DGCharts */ = {
			isa = XCSwiftPackageProductDependency;
			package = 7C06C3372B6A50B900FDF0DC /* XCRemoteSwiftPackageReference "Charts" */;
			productName = DGCharts;
		};
		7C4A17D92B5C32C0001C7C4E /* Lottie */ = {
			isa = XCSwiftPackageProductDependency;
			package = 7C4A17D82B5C32C0001C7C4E /* XCRemoteSwiftPackageReference "lottie-ios" */;
			productName = Lottie;
		};
/* End XCSwiftPackageProductDependency section */
	};
	rootObject = 7C02D6DA2ACE958E000917BD /* Project object */;
}
